
Microsoft Visual Studio Solution File, Format Version 12.00
# Visual Studio Version 17
VisualStudioVersion = 17.14.36414.22 d17.14
MinimumVisualStudioVersion = 10.0.40219.1
Project("{FAE04EC0-301F-11D3-BF4B-00C04F79EFBC}") = "ApplicationLayer", "ApplicationLayer\ApplicationLayer.csproj", "{0F8D1B9C-2674-4D64-A83D-FFB355A2D917}"
EndProject
Project("{FAE04EC0-301F-11D3-BF4B-00C04F79EFBC}") = "BLL", "BLL\BLL.csproj", "{A685E0AC-81F9-4CEC-9A2C-94AB8A3D1576}"
EndProject
Project("{FAE04EC0-301F-11D3-BF4B-00C04F79EFBC}") = "DAL", "DAL\DAL.csproj", "{B6172088-7F73-418B-BDCB-1B0155B2F0D7}"
EndProject
Global
	GlobalSection(SolutionConfigurationPlatforms) = preSolution
		Debug|Any CPU = Debug|Any CPU
		Release|Any CPU = Release|Any CPU
	EndGlobalSection
	GlobalSection(ProjectConfigurationPlatforms) = postSolution
		{0F8D1B9C-2674-4D64-A83D-FFB355A2D917}.Debug|Any CPU.ActiveCfg = Debug|Any CPU
		{0F8D1B9C-2674-4D64-A83D-FFB355A2D917}.Debug|Any CPU.Build.0 = Debug|Any CPU
		{0F8D1B9C-2674-4D64-A83D-FFB355A2D917}.Release|Any CPU.ActiveCfg = Release|Any CPU
		{0F8D1B9C-2674-4D64-A83D-FFB355A2D917}.Release|Any CPU.Build.0 = Release|Any CPU
		{A685E0AC-81F9-4CEC-9A2C-94AB8A3D1576}.Debug|Any CPU.ActiveCfg = Debug|Any CPU
		{A685E0AC-81F9-4CEC-9A2C-94AB8A3D1576}.Debug|Any CPU.Build.0 = Debug|Any CPU
		{A685E0AC-81F9-4CEC-9A2C-94AB8A3D1576}.Release|Any CPU.ActiveCfg = Release|Any CPU
		{A685E0AC-81F9-4CEC-9A2C-94AB8A3D1576}.Release|Any CPU.Build.0 = Release|Any CPU
		{B6172088-7F73-418B-BDCB-1B0155B2F0D7}.Debug|Any CPU.ActiveCfg = Debug|Any CPU
		{B6172088-7F73-418B-BDCB-1B0155B2F0D7}.Debug|Any CPU.Build.0 = Debug|Any CPU
		{B6172088-7F73-418B-BDCB-1B0155B2F0D7}.Release|Any CPU.ActiveCfg = Release|Any CPU
		{B6172088-7F73-418B-BDCB-1B0155B2F0D7}.Release|Any CPU.Build.0 = Release|Any CPU
	EndGlobalSection
	GlobalSection(SolutionProperties) = preSolution
		HideSolutionNode = FALSE
	EndGlobalSection
	GlobalSection(ExtensibilityGlobals) = postSolution
		SolutionGuid = {48DA95D5-7841-42FD-AA4E-3E027728EDF5}
	EndGlobalSection
EndGlobal
